
Microsoft Visual Studio Solution File, Format Version 12.00
# Visual Studio Version 17
VisualStudioVersion = 17.13.35931.197 d17.13
MinimumVisualStudioVersion = 10.0.40219.1
Project("{FAE04EC0-301F-11D3-BF4B-00C04F79EFBC}") = "ProjectManagementSystem", "ProjectManagementSystem.csproj", "{80FCADF0-B0B1-4CE6-9D8D-D11512C94693}"
EndProject
Global
	GlobalSection(SolutionConfigurationPlatforms) = preSolution
		Debug|Any CPU = Debug|Any CPU
		Release|Any CPU = Release|Any CPU
	EndGlobalSection
	GlobalSection(ProjectConfigurationPlatforms) = postSolution
		{80FCADF0-B0B1-4CE6-9D8D-D11512C94693}.Debug|Any CPU.ActiveCfg = Debug|Any CPU
		{80FCADF0-B0B1-4CE6-9D8D-D11512C94693}.Debug|Any CPU.Build.0 = Debug|Any CPU
		{80FCADF0-B0B1-4CE6-9D8D-D11512C94693}.Release|Any CPU.ActiveCfg = Release|Any CPU
		{80FCADF0-B0B1-4CE6-9D8D-D11512C94693}.Release|Any CPU.Build.0 = Release|Any CPU
	EndGlobalSection
	GlobalSection(SolutionProperties) = preSolution
		HideSolutionNode = FALSE
	EndGlobalSection
	GlobalSection(ExtensibilityGlobals) = postSolution
		SolutionGuid = {1EE6F2BE-B29D-4007-A318-6AC8DD5A0EFD}
	EndGlobalSection
EndGlobal
